
Microsoft Visual Studio Solution File, Format Version 12.00
# Visual Studio Version 17
VisualStudioVersion = 17.8.34525.116
MinimumVisualStudioVersion = 10.0.40219.1
Project("{FAE04EC0-301F-11D3-BF4B-00C04F79EFBC}") = "BearerTokenApi", "BearerTokenApi\BearerTokenApi.csproj", "{272141C6-FAFA-42F1-8BC4-B72DC1855196}"
EndProject
Global
	GlobalSection(SolutionConfigurationPlatforms) = preSolution
		Debug|Any CPU = Debug|Any CPU
		Release|Any CPU = Release|Any CPU
	EndGlobalSection
	GlobalSection(ProjectConfigurationPlatforms) = postSolution
		{272141C6-FAFA-42F1-8BC4-B72DC1855196}.Debug|Any CPU.ActiveCfg = Debug|Any CPU
		{272141C6-FAFA-42F1-8BC4-B72DC1855196}.Debug|Any CPU.Build.0 = Debug|Any CPU
		{272141C6-FAFA-42F1-8BC4-B72DC1855196}.Release|Any CPU.ActiveCfg = Release|Any CPU
		{272141C6-FAFA-42F1-8BC4-B72DC1855196}.Release|Any CPU.Build.0 = Release|Any CPU
	EndGlobalSection
	GlobalSection(SolutionProperties) = preSolution
		HideSolutionNode = FALSE
	EndGlobalSection
	GlobalSection(ExtensibilityGlobals) = postSolution
		SolutionGuid = {C0DD571B-6033-4219-B237-D0368F776B50}
	EndGlobalSection
EndGlobal
